
Microsoft Visual Studio Solution File, Format Version 12.00
# Visual Studio 15
VisualStudioVersion = 15.0.27130.2010
MinimumVisualStudioVersion = 10.0.40219.1
Project("{FAE04EC0-301F-11D3-BF4B-00C04F79EFBC}") = "Vidly2", "Vidly2\Vidly2.csproj", "{BEFD670B-FCA7-419B-97E4-56C52A5ED73C}"
EndProject
Global
	GlobalSection(SolutionConfigurationPlatforms) = preSolution
		Debug|Any CPU = Debug|Any CPU
		Release|Any CPU = Release|Any CPU
	EndGlobalSection
	GlobalSection(ProjectConfigurationPlatforms) = postSolution
		{BEFD670B-FCA7-419B-97E4-56C52A5ED73C}.Debug|Any CPU.ActiveCfg = Debug|Any CPU
		{BEFD670B-FCA7-419B-97E4-56C52A5ED73C}.Debug|Any CPU.Build.0 = Debug|Any CPU
		{BEFD670B-FCA7-419B-97E4-56C52A5ED73C}.Release|Any CPU.ActiveCfg = Release|Any CPU
		{BEFD670B-FCA7-419B-97E4-56C52A5ED73C}.Release|Any CPU.Build.0 = Release|Any CPU
	EndGlobalSection
	GlobalSection(SolutionProperties) = preSolution
		HideSolutionNode = FALSE
	EndGlobalSection
	GlobalSection(ExtensibilityGlobals) = postSolution
		SolutionGuid = {58BAF10E-AE3B-4B81-B8B7-27C0C90E3A17}
	EndGlobalSection
EndGlobal
